lockfileVersion: '9.0'

settings:
  autoInstallPeers: true
  excludeLinksFromLockfile: false

importers:

  .:
    dependencies:
      '@inquirer/prompts':
        specifier: 8.4.1
        version: 8.4.1
      chalk:
        specifier: 5.6.2
        version: 5.6.2
      ora:
        specifier: 9.3.0
        version: 9.3.0

packages:

  '@inquirer/ansi@2.0.5':
    resolution: {integrity: sha512-doc2sWgJpbFQ64UflSVd17ibMGDuxO1yKgOgLMwavzESnXjFWJqUeG8saYosqKpHp4kWiM5x1nXvEjbpx90gzw==}
    engines: {node: '>=23.5.0 || ^22.13.0 || ^21.7.0 || ^20.12.0'}

  '@inquirer/checkbox@5.1.3':
    resolution: {integrity: sha512-+G7I8CT+EHv/hasNfUl3P37DVoMoZfpA+2FXmM54dA8MxYle1YqucxbacxHalw1iAFSdKNEDTGNV7F+j1Ldqcg==}
    engines: {node: '>=23.5.0 || ^22.13.0 || ^21.7.0 || ^20.12.0'}
    peerDependencies:
      '@types/node': '>=18'
    peerDependenciesMeta:
      '@types/node':
        optional: true

  '@inquirer/confirm@6.0.11':
    resolution: {integrity: sha512-pTpHjg0iEIRMYV/7oCZUMf27/383E6Wyhfc/MY+AVQGEoUobffIYWOK9YLP2XFRGz/9i6WlTQh1CkFVIo2Y7XA==}
    engines: {node: '>=23.5.0 || ^22.13.0 || ^21.7.0 || ^20.12.0'}
    peerDependencies:
      '@types/node': '>=18'
    peerDependenciesMeta:
      '@types/node':
        optional: true

  '@inquirer/core@11.1.8':
    resolution: {integrity: sha512-/u+yJk2pOKNDOh1ZgdUH2RQaRx6OOH4I0uwL95qPvTFTIL38YBsuSC4r1yXBB3Q6JvNqFFc202gk0Ew79rrcjA==}
    engines: {node: '>=23.5.0 || ^22.13.0 || ^21.7.0 || ^20.12.0'}
    peerDependencies:
      '@types/node': '>=18'
    peerDependenciesMeta:
      '@types/node':
        optional: true

  '@inquirer/editor@5.1.0':
    resolution: {integrity: sha512-6wlkYl65Qfayy48gPCfU4D7li6KCAGN79mLXa/tYHZH99OfZ820yY+HA+DgE88r8YwwgeuY6PQgNqMeK6LuMmw==}
    engines: {node: '>=23.5.0 || ^22.13.0 || ^21.7.0 || ^20.12.0'}
    peerDependencies:
      '@types/node': '>=18'
    peerDependenciesMeta:
      '@types/node':
        optional: true

  '@inquirer/expand@5.0.12':
    resolution: {integrity: sha512-vOfrB33b7YIZfDauXS8vNNz2Z86FozTZLIt7e+7/dCaPJ1RXZsHCuI9TlcERzEUq57vkM+UdnBgxP0rFd23JYQ==}
    engines: {node: '>=23.5.0 || ^22.13.0 || ^21.7.0 || ^20.12.0'}
    peerDependencies:
      '@types/node': '>=18'
    peerDependenciesMeta:
      '@types/node':
        optional: true

  '@inquirer/external-editor@3.0.0':
    resolution: {integrity: sha512-lDSwMgg+M5rq6JKBYaJwSX6T9e/HK2qqZ1oxmOwn4AQoJE5D+7TumsxLGC02PWS//rkIVqbZv3XA3ejsc9FYvg==}
    engines: {node: '>=23.5.0 || ^22.13.0 || ^21.7.0 || ^20.12.0'}
    peerDependencies:
      '@types/node': '>=18'
    peerDependenciesMeta:
      '@types/node':
        optional: true

  '@inquirer/figures@2.0.5':
    resolution: {integrity: sha512-NsSs4kzfm12lNetHwAn3GEuH317IzpwrMCbOuMIVytpjnJ90YYHNwdRgYGuKmVxwuIqSgqk3M5qqQt1cDk0tGQ==}
    engines: {node: '>=23.5.0 || ^22.13.0 || ^21.7.0 || ^20.12.0'}

  '@inquirer/input@5.0.11':
    resolution: {integrity: sha512-twUWidn4ocPO8qi6fRM7tNWt7W1FOnOZqQ+/+PsfLUacMR5rFLDPK9ql0nBPwxi0oELbo8T5NhRs8B2+qQEqFQ==}
    engines: {node: '>=23.5.0 || ^22.13.0 || ^21.7.0 || ^20.12.0'}
    peerDependencies:
      '@types/node': '>=18'
    peerDependenciesMeta:
      '@types/node':
        optional: true

  '@inquirer/number@4.0.11':
    resolution: {integrity: sha512-Vscmim9TCksQsfjPtka/JwPUcbLhqWYrgfPf1cHrCm24X/F2joFwnageD50yMKsaX14oNGOyKf/RNXAFkNjWpA==}
    engines: {node: '>=23.5.0 || ^22.13.0 || ^21.7.0 || ^20.12.0'}
    peerDependencies:
      '@types/node': '>=18'
    peerDependenciesMeta:
      '@types/node':
        optional: true

  '@inquirer/password@5.0.11':
    resolution: {integrity: sha512-9KZFeRaNHIcejtPb0wN4ddFc7EvobVoAFa049eS3LrDZFxI8O7xUXiITEOinBzkZFAIwY5V4yzQae/QfO9cbbg==}
    engines: {node: '>=23.5.0 || ^22.13.0 || ^21.7.0 || ^20.12.0'}
    peerDependencies:
      '@types/node': '>=18'
    peerDependenciesMeta:
      '@types/node':
        optional: true

  '@inquirer/prompts@8.4.1':
    resolution: {integrity: sha512-AH5xPQ997K7e0F0vulPlteIHke2awMkFi8F0dBemrDfmvtPmHJo82mdHbONC4F/t8d1NHwrbI5cGVI+RbLWdoQ==}
    engines: {node: '>=23.5.0 || ^22.13.0 || ^21.7.0 || ^20.12.0'}
    peerDependencies:
      '@types/node': '>=18'
    peerDependenciesMeta:
      '@types/node':
        optional: true

  '@inquirer/rawlist@5.2.7':
    resolution: {integrity: sha512-AqRMiD9+uE1lskDPrdqHwrV/EUmxKEBLX44SR7uxK3vD2413AmVfE5EQaPeNzYf5Pq5SitHJDYUFVF0poIr09w==}
    engines: {node: '>=23.5.0 || ^22.13.0 || ^21.7.0 || ^20.12.0'}
    peerDependencies:
      '@types/node': '>=18'
    peerDependenciesMeta:
      '@types/node':
        optional: true

  '@inquirer/search@4.1.7':
    resolution: {integrity: sha512-1y7+0N65AWk5RdlXH/Kn13txf3IjIQ7OEfhCEkDTU+h5wKMLq8DUF3P6z+/kLSxDGDtQT1dRBWEUC3o/VvImsQ==}
    engines: {node: '>=23.5.0 || ^22.13.0 || ^21.7.0 || ^20.12.0'}
    peerDependencies:
      '@types/node': '>=18'
    peerDependenciesMeta:
      '@types/node':
        optional: true

  '@inquirer/select@5.1.3':
    resolution: {integrity: sha512-zYyqWgGQi3NhBcNq4Isc5rB3oEdQEh1Q/EcAnOW0FK4MpnXWkvSBYgA4cYrTM4A9UB573omouZbnL9JJ74Mq3A==}
    engines: {node: '>=23.5.0 || ^22.13.0 || ^21.7.0 || ^20.12.0'}
    peerDependencies:
      '@types/node': '>=18'
    peerDependenciesMeta:
      '@types/node':
        optional: true

  '@inquirer/type@4.0.5':
    resolution: {integrity: sha512-aetVUNeKNc/VriqXlw1NRSW0zhMBB0W4bNbWRJgzRl/3d0QNDQFfk0GO5SDdtjMZVg6o8ZKEiadd7SCCzoOn5Q==}
    engines: {node: '>=23.5.0 || ^22.13.0 || ^21.7.0 || ^20.12.0'}
    peerDependencies:
      '@types/node': '>=18'
    peerDependenciesMeta:
      '@types/node':
        optional: true

  ansi-regex@6.2.2:
    resolution: {integrity: sha512-Bq3SmSpyFHaWjPk8If9yc6svM8c56dB5BAtW4Qbw5jHTwwXXcTLoRMkpDJp6VL0XzlWaCHTXrkFURMYmD0sLqg==}
    engines: {node: '>=12'}

  chalk@5.6.2:
    resolution: {integrity: sha512-7NzBL0rN6fMUW+f7A6Io4h40qQlG+xGmtMxfbnH/K7TAtt8JQWVQK+6g0UXKMeVJoyV5EkkNsErQ8pVD3bLHbA==}
    engines: {node: ^12.17.0 || ^14.13 || >=16.0.0}

  chardet@2.1.1:
    resolution: {integrity: sha512-PsezH1rqdV9VvyNhxxOW32/d75r01NY7TQCmOqomRo15ZSOKbpTFVsfjghxo6JloQUCGnH4k1LGu0R4yCLlWQQ==}

  cli-cursor@5.0.0:
    resolution: {integrity: sha512-aCj4O5wKyszjMmDT4tZj93kxyydN/K5zPWSCe6/0AV/AA1pqe5ZBIw0a2ZfPQV7lL5/yb5HsUreJ6UFAF1tEQw==}
    engines: {node: '>=18'}

  cli-spinners@3.4.0:
    resolution: {integrity: sha512-bXfOC4QcT1tKXGorxL3wbJm6XJPDqEnij2gQ2m7ESQuE+/z9YFIWnl/5RpTiKWbMq3EVKR4fRLJGn6DVfu0mpw==}
    engines: {node: '>=18.20'}

  cli-width@4.1.0:
    resolution: {integrity: sha512-ouuZd4/dm2Sw5Gmqy6bGyNNNe1qt9RpmxveLSO7KcgsTnU7RXfsw+/bukWGo1abgBiMAic068rclZsO4IWmmxQ==}
    engines: {node: '>= 12'}

  fast-string-truncated-width@3.0.3:
    resolution: {integrity: sha512-0jjjIEL6+0jag3l2XWWizO64/aZVtpiGE3t0Zgqxv0DPuxiMjvB3M24fCyhZUO4KomJQPj3LTSUnDP3GpdwC0g==}

  fast-string-width@3.0.2:
    resolution: {integrity: sha512-gX8LrtNEI5hq8DVUfRQMbr5lpaS4nMIWV+7XEbXk2b8kiQIizgnlr12B4dA3ZEx3308ze0O4Q1R+cHts8kyUJg==}

  fast-wrap-ansi@0.2.0:
    resolution: {integrity: sha512-rLV8JHxTyhVmFYhBJuMujcrHqOT2cnO5Zxj37qROj23CP39GXubJRBUFF0z8KFK77Uc0SukZUf7JZhsVEQ6n8w==}

  get-east-asian-width@1.5.0:
    resolution: {integrity: sha512-CQ+bEO+Tva/qlmw24dCejulK5pMzVnUOFOijVogd3KQs07HnRIgp8TGipvCCRT06xeYEbpbgwaCxglFyiuIcmA==}
    engines: {node: '>=18'}

  iconv-lite@0.7.2:
    resolution: {integrity: sha512-im9DjEDQ55s9fL4EYzOAv0yMqmMBSZp6G0VvFyTMPKWxiSBHUj9NW/qqLmXUwXrrM7AvqSlTCfvqRb0cM8yYqw==}
    engines: {node: '>=0.10.0'}

  is-interactive@2.0.0:
    resolution: {integrity: sha512-qP1vozQRI+BMOPcjFzrjXuQvdak2pHNUMZoeG2eRbiSqyvbEf/wQtEOTOX1guk6E3t36RkaqiSt8A/6YElNxLQ==}
    engines: {node: '>=12'}

  is-unicode-supported@2.1.0:
    resolution: {integrity: sha512-mE00Gnza5EEB3Ds0HfMyllZzbBrmLOX3vfWoj9A9PEnTfratQ/BcaJOuMhnkhjXvb2+FkY3VuHqtAGpTPmglFQ==}
    engines: {node: '>=18'}

  log-symbols@7.0.1:
    resolution: {integrity: sha512-ja1E3yCr9i/0hmBVaM0bfwDjnGy8I/s6PP4DFp+yP+a+mrHO4Rm7DtmnqROTUkHIkqffC84YY7AeqX6oFk0WFg==}
    engines: {node: '>=18'}

  mimic-function@5.0.1:
    resolution: {integrity: sha512-VP79XUPxV2CigYP3jWwAUFSku2aKqBH7uTAapFWCBqutsbmDo96KY5o8uh6U+/YSIn5OxJnXp73beVkpqMIGhA==}
    engines: {node: '>=18'}

  mute-stream@3.0.0:
    resolution: {integrity: sha512-dkEJPVvun4FryqBmZ5KhDo0K9iDXAwn08tMLDinNdRBNPcYEDiWYysLcc6k3mjTMlbP9KyylvRpd4wFtwrT9rw==}
    engines: {node: ^20.17.0 || >=22.9.0}

  onetime@7.0.0:
    resolution: {integrity: sha512-VXJjc87FScF88uafS3JllDgvAm+c/Slfz06lorj2uAY34rlUu0Nt+v8wreiImcrgAjjIHp1rXpTDlLOGw29WwQ==}
    engines: {node: '>=18'}

  ora@9.3.0:
    resolution: {integrity: sha512-lBX72MWFduWEf7v7uWf5DHp9Jn5BI8bNPGuFgtXMmr2uDz2Gz2749y3am3agSDdkhHPHYmmxEGSKH85ZLGzgXw==}
    engines: {node: '>=20'}

  restore-cursor@5.1.0:
    resolution: {integrity: sha512-oMA2dcrw6u0YfxJQXm342bFKX/E4sG9rbTzO9ptUcR/e8A33cHuvStiYOwH7fszkZlZ1z/ta9AAoPk2F4qIOHA==}
    engines: {node: '>=18'}

  safer-buffer@2.1.2:
    resolution: {integrity: sha512-YZo3K82SD7Riyi0E1EQPojLz7kpepnSQI9IyPbHHg1XXXevb5dJI7tpyN2ADxGcQbHG7vcyRHk0cbwqcQriUtg==}

  signal-exit@4.1.0:
    resolution: {integrity: sha512-bzyZ1e88w9O1iNJbKnOlvYTrWPDl46O1bG0D3XInv+9tkPrxrN8jUUTiFlDkkmKWgn1M6CfIA13SuGqOa9Korw==}
    engines: {node: '>=14'}

  stdin-discarder@0.3.1:
    resolution: {integrity: sha512-reExS1kSGoElkextOcPkel4NE99S0BWxjUHQeDFnR8S993JxpPX7KU4MNmO19NXhlJp+8dmdCbKQVNgLJh2teA==}
    engines: {node: '>=18'}

  string-width@8.2.0:
    resolution: {integrity: sha512-6hJPQ8N0V0P3SNmP6h2J99RLuzrWz2gvT7VnK5tKvrNqJoyS9W4/Fb8mo31UiPvy00z7DQXkP2hnKBVav76thw==}
    engines: {node: '>=20'}

  strip-ansi@7.2.0:
    resolution: {integrity: sha512-yDPMNjp4WyfYBkHnjIRLfca1i6KMyGCtsVgoKe/z1+6vukgaENdgGBZt+ZmKPc4gavvEZ5OgHfHdrazhgNyG7w==}
    engines: {node: '>=12'}

  yoctocolors@2.1.2:
    resolution: {integrity: sha512-CzhO+pFNo8ajLM2d2IW/R93ipy99LWjtwblvC1RsoSUMZgyLbYFr221TnSNT7GjGdYui6P459mw9JH/g/zW2ug==}
    engines: {node: '>=18'}

snapshots:

  '@inquirer/ansi@2.0.5': {}

  '@inquirer/checkbox@5.1.3':
    dependencies:
      '@inquirer/ansi': 2.0.5
      '@inquirer/core': 11.1.8
      '@inquirer/figures': 2.0.5
      '@inquirer/type': 4.0.5

  '@inquirer/confirm@6.0.11':
    dependencies:
      '@inquirer/core': 11.1.8
      '@inquirer/type': 4.0.5

  '@inquirer/core@11.1.8':
    dependencies:
      '@inquirer/ansi': 2.0.5
      '@inquirer/figures': 2.0.5
      '@inquirer/type': 4.0.5
      cli-width: 4.1.0
      fast-wrap-ansi: 0.2.0
      mute-stream: 3.0.0
      signal-exit: 4.1.0

  '@inquirer/editor@5.1.0':
    dependencies:
      '@inquirer/core': 11.1.8
      '@inquirer/external-editor': 3.0.0
      '@inquirer/type': 4.0.5

  '@inquirer/expand@5.0.12':
    dependencies:
      '@inquirer/core': 11.1.8
      '@inquirer/type': 4.0.5

  '@inquirer/external-editor@3.0.0':
    dependencies:
      chardet: 2.1.1
      iconv-lite: 0.7.2

  '@inquirer/figures@2.0.5': {}

  '@inquirer/input@5.0.11':
    dependencies:
      '@inquirer/core': 11.1.8
      '@inquirer/type': 4.0.5

  '@inquirer/number@4.0.11':
    dependencies:
      '@inquirer/core': 11.1.8
      '@inquirer/type': 4.0.5

  '@inquirer/password@5.0.11':
    dependencies:
      '@inquirer/ansi': 2.0.5
      '@inquirer/core': 11.1.8
      '@inquirer/type': 4.0.5

  '@inquirer/prompts@8.4.1':
    dependencies:
      '@inquirer/checkbox': 5.1.3
      '@inquirer/confirm': 6.0.11
      '@inquirer/editor': 5.1.0
      '@inquirer/expand': 5.0.12
      '@inquirer/input': 5.0.11
      '@inquirer/number': 4.0.11
      '@inquirer/password': 5.0.11
      '@inquirer/rawlist': 5.2.7
      '@inquirer/search': 4.1.7
      '@inquirer/select': 5.1.3

  '@inquirer/rawlist@5.2.7':
    dependencies:
      '@inquirer/core': 11.1.8
      '@inquirer/type': 4.0.5

  '@inquirer/search@4.1.7':
    dependencies:
      '@inquirer/core': 11.1.8
      '@inquirer/figures': 2.0.5
      '@inquirer/type': 4.0.5

  '@inquirer/select@5.1.3':
    dependencies:
      '@inquirer/ansi': 2.0.5
      '@inquirer/core': 11.1.8
      '@inquirer/figures': 2.0.5
      '@inquirer/type': 4.0.5

  '@inquirer/type@4.0.5': {}

  ansi-regex@6.2.2: {}

  chalk@5.6.2: {}

  chardet@2.1.1: {}

  cli-cursor@5.0.0:
    dependencies:
      restore-cursor: 5.1.0

  cli-spinners@3.4.0: {}

  cli-width@4.1.0: {}

  fast-string-truncated-width@3.0.3: {}

  fast-string-width@3.0.2:
    dependencies:
      fast-string-truncated-width: 3.0.3

  fast-wrap-ansi@0.2.0:
    dependencies:
      fast-string-width: 3.0.2

  get-east-asian-width@1.5.0: {}

  iconv-lite@0.7.2:
    dependencies:
      safer-buffer: 2.1.2

  is-interactive@2.0.0: {}

  is-unicode-supported@2.1.0: {}

  log-symbols@7.0.1:
    dependencies:
      is-unicode-supported: 2.1.0
      yoctocolors: 2.1.2

  mimic-function@5.0.1: {}

  mute-stream@3.0.0: {}

  onetime@7.0.0:
    dependencies:
      mimic-function: 5.0.1

  ora@9.3.0:
    dependencies:
      chalk: 5.6.2
      cli-cursor: 5.0.0
      cli-spinners: 3.4.0
      is-interactive: 2.0.0
      is-unicode-supported: 2.1.0
      log-symbols: 7.0.1
      stdin-discarder: 0.3.1
      string-width: 8.2.0

  restore-cursor@5.1.0:
    dependencies:
      onetime: 7.0.0
      signal-exit: 4.1.0

  safer-buffer@2.1.2: {}

  signal-exit@4.1.0: {}

  stdin-discarder@0.3.1: {}

  string-width@8.2.0:
    dependencies:
      get-east-asian-width: 1.5.0
      strip-ansi: 7.2.0

  strip-ansi@7.2.0:
    dependencies:
      ansi-regex: 6.2.2

  yoctocolors@2.1.2: {}
